# This file is automatically @generated by Poetry 2.1.1 and should not be changed by hand.

[[package]]
name = "dnslib"
version = "0.9.25"
description = "Simple library to encode/decode DNS wire-format packets"
optional = false
python-versions = "*"
groups = ["main"]
files = [
    {file = "dnslib-0.9.25-py3-none-any.whl", hash = "sha256:013699e4740ebfb6908060b6216c6b932ba3a2747bc10526796887c0ffb4922d"},
    {file = "dnslib-0.9.25.tar.gz", hash = "sha256:687df2086e28086cb32b947dafa4c0a4e613f1429baa3be61d8b94e69418b4ef"},
]

[[package]]
name = "dnspython"
version = "2.7.0"
description = "DNS toolkit"
optional = false
python-versions = ">=3.9"
groups = ["main"]
files = [
    {file = "dnspython-2.7.0-py3-none-any.whl", hash = "sha256:b4c34b7d10b51bcc3a5071e7b8dee77939f1e878477eeecc965e9835f63c6c86"},
    {file = "dnspython-2.7.0.tar.gz", hash = "sha256:ce9c432eda0dc91cf618a5cedf1a4e142651196bbcd2c80e89ed5a907e5cfaf1"},
]

[package.extras]
dev = ["black (>=23.1.0)", "coverage (>=7.0)", "flake8 (>=7)", "hypercorn (>=0.16.0)", "mypy (>=1.8)", "pylint (>=3)", "pytest (>=7.4)", "pytest-cov (>=4.1.0)", "quart-trio (>=0.11.0)", "sphinx (>=7.2.0)", "sphinx-rtd-theme (>=2.0.0)", "twine (>=4.0.0)", "wheel (>=0.42.0)"]
dnssec = ["cryptography (>=43)"]
doh = ["h2 (>=4.1.0)", "httpcore (>=1.0.0)", "httpx (>=0.26.0)"]
doq = ["aioquic (>=1.0.0)"]
idna = ["idna (>=3.7)"]
trio = ["trio (>=0.23)"]
wmi = ["wmi (>=1.5.1)"]

[[package]]
name = "validators"
version = "0.34.0"
description = "Python Data Validation for Humans™"
optional = false
python-versions = ">=3.8"
groups = ["main"]
files = [
    {file = "validators-0.34.0-py3-none-any.whl", hash = "sha256:c804b476e3e6d3786fa07a30073a4ef694e617805eb1946ceee3fe5a9b8b1321"},
    {file = "validators-0.34.0.tar.gz", hash = "sha256:647fe407b45af9a74d245b943b18e6a816acf4926974278f6dd617778e1e781f"},
]

[package.extras]
crypto-eth-addresses = ["eth-hash[pycryptodome] (>=0.7.0)"]

[metadata]
lock-version = "2.1"
python-versions = ">=3.13"
content-hash = "b04b1888feac0ea776812d889210062d67ac0bc07448242f230a03ce18dea4b1"
